
Microsoft Visual Studio Solution File, Format Version 12.00
# Visual Studio Version 17
VisualStudioVersion = 17.0.31912.275
MinimumVisualStudioVersion = 10.0.40219.1
Project("{8BC9CEB8-8B4A-11D0-8D11-00A0C91BC942}") = "RayLib_SHMUP", "RayLib_SHMUP\RayLib_SHMUP.vcxproj", "{A64676CD-F672-42AB-8831-98DAD06EED30}"
EndProject
Global
	GlobalSection(SolutionConfigurationPlatforms) = preSolution
		Debug|x64 = Debug|x64
		Debug|x86 = Debug|x86
		PaternEditor|x64 = PaternEditor|x64
		PaternEditor|x86 = PaternEditor|x86
		Release|x64 = Release|x64
		Release|x86 = Release|x86
	EndGlobalSection
	GlobalSection(ProjectConfigurationPlatforms) = postSolution
		{A64676CD-F672-42AB-8831-98DAD06EED30}.Debug|x64.ActiveCfg = Debug|x64
		{A64676CD-F672-42AB-8831-98DAD06EED30}.Debug|x64.Build.0 = Debug|x64
		{A64676CD-F672-42AB-8831-98DAD06EED30}.Debug|x86.ActiveCfg = Debug|x64
		{A64676CD-F672-42AB-8831-98DAD06EED30}.Debug|x86.Build.0 = Debug|x64
		{A64676CD-F672-42AB-8831-98DAD06EED30}.PaternEditor|x64.ActiveCfg = PaternEditor|x64
		{A64676CD-F672-42AB-8831-98DAD06EED30}.PaternEditor|x64.Build.0 = PaternEditor|x64
		{A64676CD-F672-42AB-8831-98DAD06EED30}.PaternEditor|x86.ActiveCfg = PaternEditor|x64
		{A64676CD-F672-42AB-8831-98DAD06EED30}.PaternEditor|x86.Build.0 = PaternEditor|x64
		{A64676CD-F672-42AB-8831-98DAD06EED30}.Release|x64.ActiveCfg = Release|x64
		{A64676CD-F672-42AB-8831-98DAD06EED30}.Release|x64.Build.0 = Release|x64
		{A64676CD-F672-42AB-8831-98DAD06EED30}.Release|x86.ActiveCfg = Release|x64
		{A64676CD-F672-42AB-8831-98DAD06EED30}.Release|x86.Build.0 = Release|x64
	EndGlobalSection
	GlobalSection(SolutionProperties) = preSolution
		HideSolutionNode = FALSE
	EndGlobalSection
	GlobalSection(ExtensibilityGlobals) = postSolution
		SolutionGuid = {0A6C303D-478A-42B1-AD72-F49E3E91C310}
	EndGlobalSection
EndGlobal
